array 2026.9.26.49437 0
arith 2026.9.26.20370 0
builder 2026.3.7.7710 0
css 2026.3.13.26142 0
file 2026.9.26.39221 0
path 2026.2.22.9503 0
promise 2026.9.26.48678 0
pwa 2026.9.26.34716 0
result 2026.2.26.8765 0
str 2026.9.26.46210 0
widget 2026.3.14.66521 0
json 2026.9.26.22369 0
sha256 2026.9.26.42661 0
xml-tree 2026.9.26.35564 0
zip 2026.9.26.29256 0
wasm.bats-packages.dev/bridge 2026.9.26.51926 0
wasm.bats-packages.dev/decompress 2026.9.26.52976 0
wasm.bats-packages.dev/dom 2026.9.26.26282 0
wasm.bats-packages.dev/file-input 2026.9.26.52979 0
