widget 2026.9.27.25954 0e235c9bd40770d61cb7f848f980ea4beb15041e3c721ca80836683192294281
wasm.bats-packages.dev/file-input 2026.9.27.28924 e0bb7e8664f92945a545dbb1d8e15b135bf4e3ea9b1271ebc51bf3ca04e409ba
wasm.bats-packages.dev/bridge 2026.9.27.29631 ca2fb523687022b545b71c0dadfe8b152cd66e26eb2d5a1bb60b58d52aba2f2d
wasm.bats-packages.dev/dom 2026.9.27.26832 3e3486bafa6fd008a35fcb8b7a92d0a43c02e1d3f1aa647417901a1a27408721
wasm.bats-packages.dev/decompress 2026.9.27.28922 83f67a60fb401e21da057aa3db279c18d3496c2747cfce91ff6685842f19166e
zip 2026.9.27.2714 d169497978b6580c1698c1bbf23f6163cf9ab2c0d3d01e0498ab621952274e89
xml-tree 2026.9.27.13148 8ae28831d3f8046fd6c1849532acbcb35371124178808ed842cb866c0ba921dc
str 2026.9.27.2044 c40903796377e94685b58dd401c5d3adf9dd9a77d94f157e81f9bb78f21ec6d2
sha256 2026.9.26.60809 c98ae65e6a3041145f899676e32be994be0631e5ca1a20dda2d44d642378a6e8
promise 2026.9.26.77818 90cf240954b3b762059a549494a8be07b26a7776d5e25a73f37f07562760e5cb
css 2026.9.27.13150 17ab11738535259f7ba60073c81bc7ccc6796815efcc53f884e079361cc3c813
result 2026.9.27.25202 775ddd1d75cab66af3120427a71ce174ec74d47e894a85a0bc2319052cddcab1
pwa 2026.9.27.4876 5352d09dd5961a275fbcf1679df19f9eb2326a81ccc782269121babc35be70ce
path 2026.9.27.25138 d9c01123796f41d9b3dbc597c8a09779dbdfb4ce4da503a72b98430379bcdff9
file 2026.9.27.13144 84bea388a1ac50be7c262bf221a8b1532c545d4cb9620d87bbb2c27d4d90e644
builder 2026.9.27.996 da91bdafb7ee89226a7a001b0d42b7e115e46eb0dc76634eb7ac64547233128e
arith 2026.9.26.53393 0a38c36aeef541c9e3ecbac173b42c6d05a3f80d783dfdfc9a1e2fdc83f335d4
array 2026.9.26.84302 25fc3e5ef55435db0339fcdf60bdf885aa77c737f83ec694680382f8ba7a612a
