widget 2026.3.14.66521 d458ca4e9cdd67130ede1bf65eddd8bc90a868b1b6426650b8c50930164c66f4
wasm.bats-packages.dev/file-input 2026.9.26.52979 830bce776f59ca8c2e67686f3a7cb7edae529849d82dea2fdfa7a3fba825eb84
wasm.bats-packages.dev/bridge 2026.9.26.80477 11b55f0941a477c288b5c6db4f26844ef4f1e92879e47668015d83dbc8eb37ce
wasm.bats-packages.dev/dom 2026.9.26.26282 b356009b396cfad1e9f1d81dc70050ae9357806dc3be2e8341532905326e1706
wasm.bats-packages.dev/decompress 2026.9.26.52976 ab0f9ac0a9d8abb57e43e6b62e414eb413e824cad116299e75e7c01ac671a098
zip 2026.9.27.2714 d169497978b6580c1698c1bbf23f6163cf9ab2c0d3d01e0498ab621952274e89
xml-tree 2026.9.27.2711 6fe0796f69e4a56532d80b7f1db7f7ffc942bdcfa155d8a264863682d79b0f33
str 2026.9.27.2044 c40903796377e94685b58dd401c5d3adf9dd9a77d94f157e81f9bb78f21ec6d2
sha256 2026.9.26.60809 c98ae65e6a3041145f899676e32be994be0631e5ca1a20dda2d44d642378a6e8
promise 2026.9.26.77818 90cf240954b3b762059a549494a8be07b26a7776d5e25a73f37f07562760e5cb
css 2026.9.27.2034 7de65a6b9317d7272a3be0a917c96a3b7a34d65b0eca59bc66b0d44a0ceffe56
result 2026.2.26.8765 bb1306ca3db5da9f886cd78257166d1600dd73a4aa3648d8e8b72271efb2d6fc
pwa 2026.9.27.877 450f2d3ca26c16ff3dcb54c11290a0e28d78cef313010076ec5504102c1b07b0
path 2026.9.26.53051 447e1a5efa47bfbb4ef0b8a330b11a6b52370b8f7012110e8684e2978f6b730b
file 2026.9.27.999 519cd3a173a81ccbcb0c2e63cd689fcb30bd172eaada03bf1e17a13a659fbb26
builder 2026.9.27.996 da91bdafb7ee89226a7a001b0d42b7e115e46eb0dc76634eb7ac64547233128e
arith 2026.9.26.53393 0a38c36aeef541c9e3ecbac173b42c6d05a3f80d783dfdfc9a1e2fdc83f335d4
array 2026.9.26.84302 25fc3e5ef55435db0339fcdf60bdf885aa77c737f83ec694680382f8ba7a612a
